
Microsoft Visual Studio Solution File, Format Version 12.00
# Visual Studio Version 16
VisualStudioVersion = 16.0.31129.286
MinimumVisualStudioVersion = 10.0.40219.1
Project("{FAE04EC0-301F-11D3-BF4B-00C04F79EFBC}") = "DashBoard-React-Asp", "DashBoard-React-Asp\DashBoard-React-Asp.csproj", "{AD4EA359-5F80-486B-9A5E-2211E1139797}"
EndProject
Global
	GlobalSection(SolutionConfigurationPlatforms) = preSolution
		Debug|Any CPU = Debug|Any CPU
		Release|Any CPU = Release|Any CPU
	EndGlobalSection
	GlobalSection(ProjectConfigurationPlatforms) = postSolution
		{AD4EA359-5F80-486B-9A5E-2211E1139797}.Debug|Any CPU.ActiveCfg = Debug|Any CPU
		{AD4EA359-5F80-486B-9A5E-2211E1139797}.Debug|Any CPU.Build.0 = Debug|Any CPU
		{AD4EA359-5F80-486B-9A5E-2211E1139797}.Release|Any CPU.ActiveCfg = Release|Any CPU
		{AD4EA359-5F80-486B-9A5E-2211E1139797}.Release|Any CPU.Build.0 = Release|Any CPU
	EndGlobalSection
	GlobalSection(SolutionProperties) = preSolution
		HideSolutionNode = FALSE
	EndGlobalSection
	GlobalSection(ExtensibilityGlobals) = postSolution
		SolutionGuid = {45446109-D846-4A4A-97CD-44F2ECEA2D85}
	EndGlobalSection
EndGlobal
